
Microsoft Visual Studio Solution File, Format Version 12.00
# Visual Studio 15
VisualStudioVersion = 15.0.28307.438
MinimumVisualStudioVersion = 10.0.40219.1
Project("{FAE04EC0-301F-11D3-BF4B-00C04F79EFBC}") = "PairArithmetic", "PairArithmetic\PairArithmetic.csproj", "{78741083-EC2E-4665-825F-0F18627A0397}"
EndProject
Global
	GlobalSection(SolutionConfigurationPlatforms) = preSolution
		Debug|Any CPU = Debug|Any CPU
		Release|Any CPU = Release|Any CPU
	EndGlobalSection
	GlobalSection(ProjectConfigurationPlatforms) = postSolution
		{78741083-EC2E-4665-825F-0F18627A0397}.Debug|Any CPU.ActiveCfg = Debug|Any CPU
		{78741083-EC2E-4665-825F-0F18627A0397}.Debug|Any CPU.Build.0 = Debug|Any CPU
		{78741083-EC2E-4665-825F-0F18627A0397}.Release|Any CPU.ActiveCfg = Release|Any CPU
		{78741083-EC2E-4665-825F-0F18627A0397}.Release|Any CPU.Build.0 = Release|Any CPU
	EndGlobalSection
	GlobalSection(SolutionProperties) = preSolution
		HideSolutionNode = FALSE
	EndGlobalSection
	GlobalSection(ExtensibilityGlobals) = postSolution
		SolutionGuid = {9EFA15E8-6220-4A34-AAC4-D8A3A1B6F4A5}
	EndGlobalSection
EndGlobal
