
Microsoft Visual Studio Solution File, Format Version 12.00
# Visual Studio 14
VisualStudioVersion = 14.0.25420.1
MinimumVisualStudioVersion = 10.0.40219.1
Project("{E24C65DC-7377-472B-9ABA-BC803B73C61A}") = "Product", ".", "{90ECB614-35F3-4062-AD31-3469A1571405}"
	ProjectSection(WebsiteProperties) = preProject
		TargetFrameworkMoniker = ".NETFramework,Version%3Dv4.5.2"
		ProjectReferences = "{aad72df7-2ef9-4543-85d8-f052330bb9f3}|DataContext.dll;{7c4e2388-78cc-42d2-bb85-050db5e6b901}|Entities.dll;"
		Debug.AspNetCompiler.VirtualPath = "/localhost_1597"
		Debug.AspNetCompiler.PhysicalPath = "..\Product\"
		Debug.AspNetCompiler.TargetPath = "PrecompiledWeb\localhost_1597\"
		Debug.AspNetCompiler.Updateable = "true"
		Debug.AspNetCompiler.ForceOverwrite = "true"
		Debug.AspNetCompiler.FixedNames = "false"
		Debug.AspNetCompiler.Debug = "True"
		Release.AspNetCompiler.VirtualPath = "/localhost_1597"
		Release.AspNetCompiler.PhysicalPath = "..\Product\"
		Release.AspNetCompiler.TargetPath = "PrecompiledWeb\localhost_1597\"
		Release.AspNetCompiler.Updateable = "true"
		Release.AspNetCompiler.ForceOverwrite = "true"
		Release.AspNetCompiler.FixedNames = "false"
		Release.AspNetCompiler.Debug = "False"
		VWDPort = "1597"
		SlnRelativePath = "..\Product\"
	EndProjectSection
EndProject
Project("{FAE04EC0-301F-11D3-BF4B-00C04F79EFBC}") = "DataContext", "DataContext\DataContext.csproj", "{AAD72DF7-2EF9-4543-85D8-F052330BB9F3}"
EndProject
Project("{FAE04EC0-301F-11D3-BF4B-00C04F79EFBC}") = "Entities", "Entities\Entities.csproj", "{7C4E2388-78CC-42D2-BB85-050DB5E6B901}"
EndProject
Global
	GlobalSection(SolutionConfigurationPlatforms) = preSolution
		Debug|Any CPU = Debug|Any CPU
		Release|Any CPU = Release|Any CPU
	EndGlobalSection
	GlobalSection(ProjectConfigurationPlatforms) = postSolution
		{90ECB614-35F3-4062-AD31-3469A1571405}.Debug|Any CPU.ActiveCfg = Debug|Any CPU
		{90ECB614-35F3-4062-AD31-3469A1571405}.Debug|Any CPU.Build.0 = Debug|Any CPU
		{90ECB614-35F3-4062-AD31-3469A1571405}.Release|Any CPU.ActiveCfg = Debug|Any CPU
		{90ECB614-35F3-4062-AD31-3469A1571405}.Release|Any CPU.Build.0 = Debug|Any CPU
		{AAD72DF7-2EF9-4543-85D8-F052330BB9F3}.Debug|Any CPU.ActiveCfg = Debug|Any CPU
		{AAD72DF7-2EF9-4543-85D8-F052330BB9F3}.Debug|Any CPU.Build.0 = Debug|Any CPU
		{AAD72DF7-2EF9-4543-85D8-F052330BB9F3}.Release|Any CPU.ActiveCfg = Release|Any CPU
		{AAD72DF7-2EF9-4543-85D8-F052330BB9F3}.Release|Any CPU.Build.0 = Release|Any CPU
		{7C4E2388-78CC-42D2-BB85-050DB5E6B901}.Debug|Any CPU.ActiveCfg = Debug|Any CPU
		{7C4E2388-78CC-42D2-BB85-050DB5E6B901}.Debug|Any CPU.Build.0 = Debug|Any CPU
		{7C4E2388-78CC-42D2-BB85-050DB5E6B901}.Release|Any CPU.ActiveCfg = Release|Any CPU
		{7C4E2388-78CC-42D2-BB85-050DB5E6B901}.Release|Any CPU.Build.0 = Release|Any CPU
	EndGlobalSection
	GlobalSection(SolutionProperties) = preSolution
		HideSolutionNode = FALSE
	EndGlobalSection
EndGlobal
