
Microsoft Visual Studio Solution File, Format Version 12.00
# Visual Studio 14
VisualStudioVersion = 14.0.25420.1
MinimumVisualStudioVersion = 10.0.40219.1
Project("{FAE04EC0-301F-11D3-BF4B-00C04F79EFBC}") = "MusicStore", "MusicStore\MusicStore.csproj", "{1E243466-E363-4F64-8034-C6D3D92EC545}"
EndProject
Project("{FAE04EC0-301F-11D3-BF4B-00C04F79EFBC}") = "MusicStoreEntity", "MusicStoreEntity\MusicStoreEntity.csproj", "{4D8AD6D7-01FC-40A8-B87E-30B8853D559D}"
EndProject
Global
	GlobalSection(SolutionConfigurationPlatforms) = preSolution
		Debug|Any CPU = Debug|Any CPU
		Release|Any CPU = Release|Any CPU
	EndGlobalSection
	GlobalSection(ProjectConfigurationPlatforms) = postSolution
		{1E243466-E363-4F64-8034-C6D3D92EC545}.Debug|Any CPU.ActiveCfg = Debug|Any CPU
		{1E243466-E363-4F64-8034-C6D3D92EC545}.Debug|Any CPU.Build.0 = Debug|Any CPU
		{1E243466-E363-4F64-8034-C6D3D92EC545}.Release|Any CPU.ActiveCfg = Release|Any CPU
		{1E243466-E363-4F64-8034-C6D3D92EC545}.Release|Any CPU.Build.0 = Release|Any CPU
		{4D8AD6D7-01FC-40A8-B87E-30B8853D559D}.Debug|Any CPU.ActiveCfg = Debug|Any CPU
		{4D8AD6D7-01FC-40A8-B87E-30B8853D559D}.Debug|Any CPU.Build.0 = Debug|Any CPU
		{4D8AD6D7-01FC-40A8-B87E-30B8853D559D}.Release|Any CPU.ActiveCfg = Release|Any CPU
		{4D8AD6D7-01FC-40A8-B87E-30B8853D559D}.Release|Any CPU.Build.0 = Release|Any CPU
	EndGlobalSection
	GlobalSection(SolutionProperties) = preSolution
		HideSolutionNode = FALSE
	EndGlobalSection
EndGlobal
